<?xml version="1.0" encoding="utf-8"?>
<Project ToolsVersion="4.0" xmlns="http://schemas.microsoft.com/developer/msbuild/2003">
  <ItemGroup>
    <Filter Include="源文件">
      <UniqueIdentifier>{4FC737F1-C7A5-4376-A066-2A32D752A2FF}</UniqueIdentifier>
      <Extensions>cpp;c;cc;cxx;def;odl;idl;hpj;bat;asm;asmx</Extensions>
    </Filter>
    <Filter Include="头文件">
      <UniqueIdentifier>{93995380-89BD-4b04-88EB-625FBE52EBFB}</UniqueIdentifier>
      <Extensions>h;hh;hpp;hxx;hm;inl;inc;xsd</Extensions>
    </Filter>
    <Filter Include="资源文件">
      <UniqueIdentifier>{67DA6AB6-F800-4c08-8B7A-83BB121AAD01}</UniqueIdentifier>
      <Extensions>rc;ico;cur;bmp;dlg;rc2;rct;bin;rgs;gif;jpg;jpeg;jpe;resx;tiff;tif;png;wav;mfcribbon-ms</Extensions>
    </Filter>
    <Filter Include="头文件\include">
      <UniqueIdentifier>{40111bcf-da11-4d77-85f5-81551aca651a}</UniqueIdentifier>
    </Filter>
    <Filter Include="头文件\mock">
      <UniqueIdentifier>{3c823a7b-4f62-4db1-8c1c-0340fe26997a}</UniqueIdentifier>
    </Filter>
  </ItemGroup>
  <ItemGroup>
    <ClCompile Include="..\vad\vad_core.c">
      <Filter>源文件</Filter>
    </ClCompile>
    <ClCompile Include="..\vad\vad_filterbank.c">
      <Filter>源文件</Filter>
    </ClCompile>
    <ClCompile Include="..\vad\vad_gmm.c">
      <Filter>源文件</Filter>
    </ClCompile>
    <ClCompile Include="..\vad\vad_sp.c">
      <Filter>源文件</Filter>
    </ClCompile>
    <ClCompile Include="..\vad\webrtc_vad.c">
      <Filter>源文件</Filter>
    </ClCompile>
  </ItemGroup>
  <ItemGroup>
    <ClInclude Include="..\vad\vad_core.h">
      <Filter>头文件</Filter>
    </ClInclude>
    <ClInclude Include="..\vad\vad_filterbank.h">
      <Filter>头文件</Filter>
    </ClInclude>
    <ClInclude Include="..\vad\vad_gmm.h">
      <Filter>头文件</Filter>
    </ClInclude>
    <ClInclude Include="..\vad\vad_sp.h">
      <Filter>头文件</Filter>
    </ClInclude>
    <ClInclude Include="..\vad\vad_unittest.h">
      <Filter>头文件</Filter>
    </ClInclude>
    <ClInclude Include="..\vad\include\webrtc_vad.h">
      <Filter>头文件\include</Filter>
    </ClInclude>
    <ClInclude Include="..\vad\mock\mock_vad.h">
      <Filter>头文件\mock</Filter>
    </ClInclude>
  </ItemGroup>
  <ItemGroup>
    <None Include="vad.def">
      <Filter>资源文件</Filter>
    </None>
  </ItemGroup>
</Project>